{
  "name": "networktables",
  "version": "1.0.0",
  "lockfileVersion": 1,
  "requires": true,
  "dependencies": {
    "ieee754": {
      "version": "1.1.13",
      "resolved": "https://registry.npmjs.org/ieee754/-/ieee754-1.1.13.tgz",
      "integrity": "sha512-4vf7I2LYV/HaWerSo3XmlMkp5eZ83i+/CDluXi/IGTs/O1sejBNhTtnxzmRZfvOUqj7lZjqHkeTvpgSFDlWZTg=="
    },
    "wpilib-nt-client": {
      "version": "1.7.1",
      "resolved": "https://registry.npmjs.org/wpilib-nt-client/-/wpilib-nt-client-1.7.1.tgz",
      "integrity": "sha512-ITr7rsiDk4VltPc0R7fAVTDoKff3KpYyUdoktuBCMZ5QNxQV0984YTY7Phxi2DPbTHXUOqoSHoD47s7rBDcCYg==",
      "requires": {
        "ieee754": "^1.1.8"
      }
    }
  }
}
